// !$*UTF8*$!
{
	archiveVersion = 1;
	classes = {
	};
	objectVersion = 77;
	objects = {

/* Begin PBXContainerItemProxy section */
		FE87B6802EFAC090004EFFDB /* PBXContainerItemProxy */ = {
			isa = PBXContainerItemProxy;
			containerPortal = FE87B66A2EFAC08F004EFFDB /* Project object */;
			proxyType = 1;
			remoteGlobalIDString = FE87B6712EFAC08F004EFFDB;
			remoteInfo = "NavSight-IOS";
		};
		FE87B68A2EFAC090004EFFDB /* PBXContainerItemProxy */ = {
			isa = PBXContainerItemProxy;
			containerPortal = FE87B66A2EFAC08F004EFFDB /* Project object */;
			proxyType = 1;
			remoteGlobalIDString = FE87B6712EFAC08F004EFFDB;
			remoteInfo = "NavSight-IOS";
		};
/* End PBXContainerItemProxy section */

/* Begin PBXFileReference section */
		FE87B6722EFAC08F004EFFDB /* NavSight-IOS.app */ = {isa = PBXFileReference; explicitFileType = wrapper.application; includeInIndex = 0; path = "NavSight-IOS.app"; sourceTree = BUILT_PRODUCTS_DIR; };
		FE87B67F2EFAC090004EFFDB /* NavSight-IOSTests.xctest */ = {isa = PBXFileReference; explicitFileType = wrapper.cfbundle; includeInIndex = 0; path = "NavSight-IOSTests.xctest"; sourceTree = BUILT_PRODUCTS_DIR; };
		FE87B6892EFAC090004EFFDB /* NavSight-IOSUITests.xctest */ = {isa = PBXFileReference; explicitFileType = wrapper.cfbundle; includeInIndex = 0; path = "NavSight-IOSUITests.xctest"; sourceTree = BUILT_PRODUCTS_DIR; };
/* End PBXFileReference section */

/* Begin PBXFileSystemSynchronizedRootGroup section */
		FE87B6742EFAC08F004EFFDB /* NavSight-IOS */ = {
			isa = PBXFileSystemSynchronizedRootGroup;
			path = "NavSight-IOS";
			sourceTree = "<group>";
		};
		FE87B6822EFAC090004EFFDB /* NavSight-IOSTests */ = {
			isa = PBXFileSystemSynchronizedRootGroup;
			path = "NavSight-IOSTests";
			sourceTree = "<group>";
		};
		FE87B68C2EFAC090004EFFDB /* NavSight-IOSUITests */ = {
			isa = PBXFileSystemSynchronizedRootGroup;
			path = "NavSight-IOSUITests";
			sourceTree = "<group>";
		};
/* End PBXFileSystemSynchronizedRootGroup section */

/* Begin PBXFrameworksBuildPhase section */
		FE87B66F2EFAC08F004EFFDB /* Frameworks */ = {
			isa = PBXFrameworksBuildPhase;
			buildActionMask = 2147483647;
			files = (
			);
			runOnlyForDeploymentPostprocessing = 0;
		};
		FE87B67C2EFAC090004EFFDB /* Frameworks */ = {
			isa = PBXFrameworksBuildPhase;
			buildActionMask = 2147483647;
			files = (
			);
			runOnlyForDeploymentPostprocessing = 0;
		};
		FE87B6862EFAC090004EFFDB /* Frameworks */ = {
			isa = PBXFrameworksBuildPhase;
			buildActionMask = 2147483647;
			files = (
			);
			runOnlyForDeploymentPostprocessing = 0;
		};
/* End PBXFrameworksBuildPhase section */

/* Begin PBXGroup section */
		FE87B6692EFAC08F004EFFDB = {
			isa = PBXGroup;
			children = (
				FE87B6742EFAC08F004EFFDB /* NavSight-IOS */,
				FE87B6822EFAC090004EFFDB /* NavSight-IOSTests */,
				FE87B68C2EFAC090004EFFDB /* NavSight-IOSUITests */,
				FE87B6732EFAC08F004EFFDB /* Products */,
			);
			sourceTree = "<group>";
		};
		FE87B6732EFAC08F004EFFDB /* Products */ = {
			isa = PBXGroup;
			children = (
				FE87B6722EFAC08F004EFFDB /* NavSight-IOS.app */,
				FE87B67F2EFAC090004EFFDB /* NavSight-IOSTests.xctest */,
				FE87B6892EFAC090004EFFDB /* NavSight-IOSUITests.xctest */,
			);
			name = Products;
			sourceTree = "<group>";
		};
/* End PBXGroup section */

/* Begin PBXNativeTarget section */
		FE87B6712EFAC08F004EFFDB /* NavSight-IOS */ = {
			isa = PBXNativeTarget;
			buildConfigurationList = FE87B6932EFAC090004EFFDB /* Build configuration list for PBXNativeTarget "NavSight-IOS" */;
			buildPhases = (
				FE87B66E2EFAC08F004EFFDB /* Sources */,
				FE87B66F2EFAC08F004EFFDB /* Frameworks */,
				FE87B6702EFAC08F004EFFDB /* Resources */,
			);
			buildRules = (
			);
			dependencies = (
			);
			fileSystemSynchronizedGroups = (
				FE87B6742EFAC08F004EFFDB /* NavSight-IOS */,
			);
			name = "NavSight-IOS";
			packageProductDependencies = (
			);
			productName = "NavSight-IOS";
			productReference = FE87B6722EFAC08F004EFFDB /* NavSight-IOS.app */;
			productType = "com.apple.product-type.application";
		};
		FE87B67E2EFAC090004EFFDB /* NavSight-IOSTests */ = {
			isa = PBXNativeTarget;
			buildConfigurationList = FE87B6962EFAC090004EFFDB /* Build configuration list for PBXNativeTarget "NavSight-IOSTests" */;
			buildPhases = (
				FE87B67B2EFAC090004EFFDB /* Sources */,
				FE87B67C2EFAC090004EFFDB /* Frameworks */,
				FE87B67D2EFAC090004EFFDB /* Resources */,
			);
			buildRules = (
			);
			dependencies = (
				FE87B6812EFAC090004EFFDB /* PBXTargetDependency */,
			);
			fileSystemSynchronizedGroups = (
				FE87B6822EFAC090004EFFDB /* NavSight-IOSTests */,
			);
			name = "NavSight-IOSTests";
			packageProductDependencies = (
			);
			productName = "NavSight-IOSTests";
			productReference = FE87B67F2EFAC090004EFFDB /* NavSight-IOSTests.xctest */;
			productType = "com.apple.product-type.bundle.unit-test";
		};
		FE87B6882EFAC090004EFFDB /* NavSight-IOSUITests */ = {
			isa = PBXNativeTarget;
			buildConfigurationList = FE87B6992EFAC090004EFFDB /* Build configuration list for PBXNativeTarget "NavSight-IOSUITests" */;
			buildPhases = (
				FE87B6852EFAC090004EFFDB /* Sources */,
				FE87B6862EFAC090004EFFDB /* Frameworks */,
				FE87B6872EFAC090004EFFDB /* Resources */,
			);
			buildRules = (
			);
			dependencies = (
				FE87B68B2EFAC090004EFFDB /* PBXTargetDependency */,
			);
			fileSystemSynchronizedGroups = (
				FE87B68C2EFAC090004EFFDB /* NavSight-IOSUITests */,
			);
			name = "NavSight-IOSUITests";
			packageProductDependencies = (
			);
			productName = "NavSight-IOSUITests";
			productReference = FE87B6892EFAC090004EFFDB /* NavSight-IOSUITests.xctest */;
			productType = "com.apple.product-type.bundle.ui-testing";
		};
/* End PBXNativeTarget section */

/* Begin PBXProject section */
		FE87B66A2EFAC08F004EFFDB /* Project object */ = {
			isa = PBXProject;
			attributes = {
				BuildIndependentTargetsInParallel = 1;
				LastSwiftUpdateCheck = 2600;
				LastUpgradeCheck = 2600;
				TargetAttributes = {
					FE87B6712EFAC08F004EFFDB = {
						CreatedOnToolsVersion = 26.0.1;
					};
					FE87B67E2EFAC090004EFFDB = {
						CreatedOnToolsVersion = 26.0.1;
						TestTargetID = FE87B6712EFAC08F004EFFDB;
					};
					FE87B6882EFAC090004EFFDB = {
						CreatedOnToolsVersion = 26.0.1;
						TestTargetID = FE87B6712EFAC08F004EFFDB;
					};
				};
			};
			buildConfigurationList = FE87B66D2EFAC08F004EFFDB /* Build configuration list for PBXProject "NavSight-IOS" */;
			developmentRegion = en;
			hasScannedForEncodings = 0;
			knownRegions = (
				en,
				Base,
			);
			mainGroup = FE87B6692EFAC08F004EFFDB;
			minimizedProjectReferenceProxies = 1;
			preferredProjectObjectVersion = 77;
			productRefGroup = FE87B6732EFAC08F004EFFDB /* Products */;
			projectDirPath = "";
			projectRoot = "";
			targets = (
				FE87B6712EFAC08F004EFFDB /* NavSight-IOS */,
				FE87B67E2EFAC090004EFFDB /* NavSight-IOSTests */,
				FE87B6882EFAC090004EFFDB /* NavSight-IOSUITests */,
			);
		};
/* End PBXProject section */

/* Begin PBXResourcesBuildPhase section */
		FE87B6702EFAC08F004EFFDB /* Resources */ = {
			isa = PBXResourcesBuildPhase;
			buildActionMask = 2147483647;
			files = (
			);
			runOnlyForDeploymentPostprocessing = 0;
		};
		FE87B67D2EFAC090004EFFDB /* Resources */ = {
			isa = PBXResourcesBuildPhase;
			buildActionMask = 2147483647;
			files = (
			);
			runOnlyForDeploymentPostprocessing = 0;
		};
		FE87B6872EFAC090004EFFDB /* Resources */ = {
			isa = PBXResourcesBuildPhase;
			buildActionMask = 2147483647;
			files = (
			);
			runOnlyForDeploymentPostprocessing = 0;
		};
/* End PBXResourcesBuildPhase section */

/* Begin PBXSourcesBuildPhase section */
		FE87B66E2EFAC08F004EFFDB /* Sources */ = {
			isa = PBXSourcesBuildPhase;
			buildActionMask = 2147483647;
			files = (
			);
			runOnlyForDeploymentPostprocessing = 0;
		};
		FE87B67B2EFAC090004EFFDB /* Sources */ = {
			isa = PBXSourcesBuildPhase;
			buildActionMask = 2147483647;
			files = (
			);
			runOnlyForDeploymentPostprocessing = 0;
		};
		FE87B6852EFAC090004EFFDB /* Sources */ = {
			isa = PBXSourcesBuildPhase;
			buildActionMask = 2147483647;
			files = (
			);
			runOnlyForDeploymentPostprocessing = 0;
		};
/* End PBXSourcesBuildPhase section */

/* Begin PBXTargetDependency section */
		FE87B6812EFAC090004EFFDB /* PBXTargetDependency */ = {
			isa = PBXTargetDependency;
			target = FE87B6712EFAC08F004EFFDB /* NavSight-IOS */;
			targetProxy = FE87B6802EFAC090004EFFDB /* PBXContainerItemProxy */;
		};
		FE87B68B2EFAC090004EFFDB /* PBXTargetDependency */ = {
			isa = PBXTargetDependency;
			target = FE87B6712EFAC08F004EFFDB /* NavSight-IOS */;
			targetProxy = FE87B68A2EFAC090004EFFDB /* PBXContainerItemProxy */;
		};
/* End PBXTargetDependency section */

/* Begin XCBuildConfiguration section */
		FE87B6912EFAC090004EFFDB /* Debug */ = {
			isa = XCBuildConfiguration;
			buildSettings = {
				ALWAYS_SEARCH_USER_PATHS = NO;
				ASSETCATALOG_COMPILER_GENERATE_SWIFT_ASSET_SYMBOL_EXTENSIONS = YES;
				CLANG_ANALYZER_NONNULL = YES;
				CLANG_ANALYZER_NUMBER_OBJECT_CONVERSION = YES_AGGRESSIVE;
				CLANG_CXX_LANGUAGE_STANDARD = "gnu++20";
				CLANG_ENABLE_MODULES = YES;
				CLANG_ENABLE_OBJC_ARC = YES;
				CLANG_ENABLE_OBJC_WEAK = YES;
				CLANG_WARN_BLOCK_CAPTURE_AUTORELEASING = YES;
				CLANG_WARN_BOOL_CONVERSION = YES;
				CLANG_WARN_COMMA = YES;
				CLANG_WARN_CONSTANT_CONVERSION = YES;
				CLANG_WARN_DEPRECATED_OBJC_IMPLEMENTATIONS = YES;
				CLANG_WARN_DIRECT_OBJC_ISA_USAGE = YES_ERROR;
				CLANG_WARN_DOCUMENTATION_COMMENTS = YES;
				CLANG_WARN_EMPTY_BODY = YES;
				CLANG_WARN_ENUM_CONVERSION = YES;
				CLANG_WARN_INFINITE_RECURSION = YES;
				CLANG_WARN_INT_CONVERSION = YES;
				CLANG_WARN_NON_LITERAL_NULL_CONVERSION = YES;
				CLANG_WARN_OBJC_IMPLICIT_RETAIN_SELF = YES;
				CLANG_WARN_OBJC_LITERAL_CONVERSION = YES;
				CLANG_WARN_OBJC_ROOT_CLASS = YES_ERROR;
				CLANG_WARN_QUOTED_INCLUDE_IN_FRAMEWORK_HEADER = YES;
				CLANG_WARN_RANGE_LOOP_ANALYSIS = YES;
				CLANG_WARN_STRICT_PROTOTYPES = YES;
				CLANG_WARN_SUSPICIOUS_MOVE = YES;
				CLANG_WARN_UNGUARDED_AVAILABILITY = YES_AGGRESSIVE;
				CLANG_WARN_UNREACHABLE_CODE = YES;
				CLANG_WARN__DUPLICATE_METHOD_MATCH = YES;
				COPY_PHASE_STRIP = NO;
				DEBUG_INFORMATION_FORMAT = dwarf;
				DEVELOPMENT_TEAM = Z4544UL756;
				ENABLE_STRICT_OBJC_MSGSEND = YES;
				ENABLE_TESTABILITY = YES;
				ENABLE_USER_SCRIPT_SANDBOXING = YES;
				GCC_C_LANGUAGE_STANDARD = gnu17;
				GCC_DYNAMIC_NO_PIC = NO;
				GCC_NO_COMMON_BLOCKS = YES;
				GCC_OPTIMIZATION_LEVEL = 0;
				GCC_PREPROCESSOR_DEFINITIONS = (
					"DEBUG=1",
					"$(inherited)",
				);
				GCC_WARN_64_TO_32_BIT_CONVERSION = YES;
				GCC_WARN_ABOUT_RETURN_TYPE = YES_ERROR;
				GCC_WARN_UNDECLARED_SELECTOR = YES;
				GCC_WARN_UNINITIALIZED_AUTOS = YES_AGGRESSIVE;
				GCC_WARN_UNUSED_FUNCTION = YES;
				GCC_WARN_UNUSED_VARIABLE = YES;
				IPHONEOS_DEPLOYMENT_TARGET = 26.0;
				LOCALIZATION_PREFERS_STRING_CATALOGS = YES;
				MTL_ENABLE_DEBUG_INFO = INCLUDE_SOURCE;
				MTL_FAST_MATH = YES;
				ONLY_ACTIVE_ARCH = YES;
				SDKROOT = iphoneos;
				SWIFT_ACTIVE_COMPILATION_CONDITIONS = "DEBUG $(inherited)";
				SWIFT_OPTIMIZATION_LEVEL = "-Onone";
			};
			name = Debug;
		};
		FE87B6922EFAC090004EFFDB /* Release */ = {
			isa = XCBuildConfiguration;
			buildSettings = {
				ALWAYS_SEARCH_USER_PATHS = NO;
				ASSETCATALOG_COMPILER_GENERATE_SWIFT_ASSET_SYMBOL_EXTENSIONS = YES;
				CLANG_ANALYZER_NONNULL = YES;
				CLANG_ANALYZER_NUMBER_OBJECT_CONVERSION = YES_AGGRESSIVE;
				CLANG_CXX_LANGUAGE_STANDARD = "gnu++20";
				CLANG_ENABLE_MODULES = YES;
				CLANG_ENABLE_OBJC_ARC = YES;
				CLANG_ENABLE_OBJC_WEAK = YES;
				CLANG_WARN_BLOCK_CAPTURE_AUTORELEASING = YES;
				CLANG_WARN_BOOL_CONVERSION = YES;
				CLANG_WARN_COMMA = YES;
				CLANG_WARN_CONSTANT_CONVERSION = YES;
				CLANG_WARN_DEPRECATED_OBJC_IMPLEMENTATIONS = YES;
				CLANG_WARN_DIRECT_OBJC_ISA_USAGE = YES_ERROR;
				CLANG_WARN_DOCUMENTATION_COMMENTS = YES;
				CLANG_WARN_EMPTY_BODY = YES;
				CLANG_WARN_ENUM_CONVERSION = YES;
				CLANG_WARN_INFINITE_RECURSION = YES;
				CLANG_WARN_INT_CONVERSION = YES;
				CLANG_WARN_NON_LITERAL_NULL_CONVERSION = YES;
				CLANG_WARN_OBJC_IMPLICIT_RETAIN_SELF = YES;
				CLANG_WARN_OBJC_LITERAL_CONVERSION = YES;
				CLANG_WARN_OBJC_ROOT_CLASS = YES_ERROR;
				CLANG_WARN_QUOTED_INCLUDE_IN_FRAMEWORK_HEADER = YES;
				CLANG_WARN_RANGE_LOOP_ANALYSIS = YES;
				CLANG_WARN_STRICT_PROTOTYPES = YES;
				CLANG_WARN_SUSPICIOUS_MOVE = YES;
				CLANG_WARN_UNGUARDED_AVAILABILITY = YES_AGGRESSIVE;
				CLANG_WARN_UNREACHABLE_CODE = YES;
				CLANG_WARN__DUPLICATE_METHOD_MATCH = YES;
				COPY_PHASE_STRIP = NO;
				DEBUG_INFORMATION_FORMAT = "dwarf-with-dsym";
				DEVELOPMENT_TEAM = Z4544UL756;
				ENABLE_NS_ASSERTIONS = NO;
				ENABLE_STRICT_OBJC_MSGSEND = YES;
				ENABLE_USER_SCRIPT_SANDBOXING = YES;
				GCC_C_LANGUAGE_STANDARD = gnu17;
				GCC_NO_COMMON_BLOCKS = YES;
				GCC_WARN_64_TO_32_BIT_CONVERSION = YES;
				GCC_WARN_ABOUT_RETURN_TYPE = YES_ERROR;
				GCC_WARN_UNDECLARED_SELECTOR = YES;
				GCC_WARN_UNINITIALIZED_AUTOS = YES_AGGRESSIVE;
				GCC_WARN_UNUSED_FUNCTION = YES;
				GCC_WARN_UNUSED_VARIABLE = YES;
				IPHONEOS_DEPLOYMENT_TARGET = 26.0;
				LOCALIZATION_PREFERS_STRING_CATALOGS = YES;
				MTL_ENABLE_DEBUG_INFO = NO;
				MTL_FAST_MATH = YES;
				SDKROOT = iphoneos;
				SWIFT_COMPILATION_MODE = wholemodule;
				VALIDATE_PRODUCT = YES;
			};
			name = Release;
		};
		FE87B6942EFAC090004EFFDB /* Debug */ = {
			isa = XCBuildConfiguration;
			buildSettings = {
				ASSETCATALOG_COMPILER_APPICON_NAME = AppIcon;
				ASSETCATALOG_COMPILER_GLOBAL_ACCENT_COLOR_NAME = AccentColor;
				CODE_SIGN_STYLE = Automatic;
				CURRENT_PROJECT_VERSION = 1;
				DEVELOPMENT_TEAM = Z4544UL756;
				ENABLE_PREVIEWS = YES;
				GENERATE_INFOPLIST_FILE = YES;
				INFOPLIST_KEY_NSCameraUsageDescription = "NavSight uses the camera and LiDAR sensor to detect obstacles and provide real-time navigation assistance for visually impaired users.";
				INFOPLIST_KEY_NSMicrophoneUsageDescription = "NavSight may use the microphone to provide voice feedback and audio cues for navigation assistance.";
				INFOPLIST_KEY_UIApplicationSceneManifest_Generation = YES;
				INFOPLIST_KEY_UIApplicationSupportsIndirectInputEvents = YES;
				INFOPLIST_KEY_UILaunchScreen_Generation = YES;
				INFOPLIST_KEY_UISupportedInterfaceOrientations_iPad = "UIInterfaceOrientationPortrait UIInterfaceOrientationPortraitUpsideDown UIInterfaceOrientationLandscapeLeft UIInterfaceOrientationLandscapeRight";
				INFOPLIST_KEY_UISupportedInterfaceOrientations_iPhone = "UIInterfaceOrientationPortrait UIInterfaceOrientationLandscapeLeft UIInterfaceOrientationLandscapeRight";
				LD_RUNPATH_SEARCH_PATHS = (
					"$(inherited)",
					"@executable_path/Frameworks",
				);
				MARKETING_VERSION = 1.0;
				PRODUCT_BUNDLE_IDENTIFIER = "com.talkeys.ios.NavSight-IOS";
				PRODUCT_NAME = "$(TARGET_NAME)";
				STRING_CATALOG_GENERATE_SYMBOLS = YES;
				SWIFT_APPROACHABLE_CONCURRENCY = YES;
				SWIFT_DEFAULT_ACTOR_ISOLATION = MainActor;
				SWIFT_EMIT_LOC_STRINGS = YES;
				SWIFT_UPCOMING_FEATURE_MEMBER_IMPORT_VISIBILITY = YES;
				SWIFT_VERSION = 5.0;
				TARGETED_DEVICE_FAMILY = "1,2";
			};
			name = Debug;
		};
		FE87B6952EFAC090004EFFDB /* Release */ = {
			isa = XCBuildConfiguration;
			buildSettings = {
				ASSETCATALOG_COMPILER_APPICON_NAME = AppIcon;
				ASSETCATALOG_COMPILER_GLOBAL_ACCENT_COLOR_NAME = AccentColor;
				CODE_SIGN_STYLE = Automatic;
				CURRENT_PROJECT_VERSION = 1;
				DEVELOPMENT_TEAM = Z4544UL756;
				ENABLE_PREVIEWS = YES;
				GENERATE_INFOPLIST_FILE = YES;
				INFOPLIST_KEY_NSCameraUsageDescription = "NavSight uses the camera and LiDAR sensor to detect obstacles and provide real-time navigation assistance for visually impaired users.";
				INFOPLIST_KEY_NSMicrophoneUsageDescription = "NavSight may use the microphone to provide voice feedback and audio cues for navigation assistance.";
				INFOPLIST_KEY_UIApplicationSceneManifest_Generation = YES;
				INFOPLIST_KEY_UIApplicationSupportsIndirectInputEvents = YES;
				INFOPLIST_KEY_UILaunchScreen_Generation = YES;
				INFOPLIST_KEY_UISupportedInterfaceOrientations_iPad = "UIInterfaceOrientationPortrait UIInterfaceOrientationPortraitUpsideDown UIInterfaceOrientationLandscapeLeft UIInterfaceOrientationLandscapeRight";
				INFOPLIST_KEY_UISupportedInterfaceOrientations_iPhone = "UIInterfaceOrientationPortrait UIInterfaceOrientationLandscapeLeft UIInterfaceOrientationLandscapeRight";
				LD_RUNPATH_SEARCH_PATHS = (
					"$(inherited)",
					"@executable_path/Frameworks",
				);
				MARKETING_VERSION = 1.0;
				PRODUCT_BUNDLE_IDENTIFIER = "com.talkeys.ios.NavSight-IOS";
				PRODUCT_NAME = "$(TARGET_NAME)";
				STRING_CATALOG_GENERATE_SYMBOLS = YES;
				SWIFT_APPROACHABLE_CONCURRENCY = YES;
				SWIFT_DEFAULT_ACTOR_ISOLATION = MainActor;
				SWIFT_EMIT_LOC_STRINGS = YES;
				SWIFT_UPCOMING_FEATURE_MEMBER_IMPORT_VISIBILITY = YES;
				SWIFT_VERSION = 5.0;
				TARGETED_DEVICE_FAMILY = "1,2";
			};
			name = Release;
		};
		FE87B6972EFAC090004EFFDB /* Debug */ = {
			isa = XCBuildConfiguration;
			buildSettings = {
				BUNDLE_LOADER = "$(TEST_HOST)";
				CODE_SIGN_STYLE = Automatic;
				CURRENT_PROJECT_VERSION = 1;
				DEVELOPMENT_TEAM = Z4544UL756;
				GENERATE_INFOPLIST_FILE = YES;
				IPHONEOS_DEPLOYMENT_TARGET = 26.0;
				MARKETING_VERSION = 1.0;
				PRODUCT_BUNDLE_IDENTIFIER = "com.talkeys.ios.NavSight-IOSTests";
				PRODUCT_NAME = "$(TARGET_NAME)";
				STRING_CATALOG_GENERATE_SYMBOLS = NO;
				SWIFT_APPROACHABLE_CONCURRENCY = YES;
				SWIFT_EMIT_LOC_STRINGS = NO;
				SWIFT_UPCOMING_FEATURE_MEMBER_IMPORT_VISIBILITY = YES;
				SWIFT_VERSION = 5.0;
				TARGETED_DEVICE_FAMILY = "1,2";
				TEST_HOST = "$(BUILT_PRODUCTS_DIR)/NavSight-IOS.app/$(BUNDLE_EXECUTABLE_FOLDER_PATH)/NavSight-IOS";
			};
			name = Debug;
		};
		FE87B6982EFAC090004EFFDB /* Release */ = {
			isa = XCBuildConfiguration;
			buildSettings = {
				BUNDLE_LOADER = "$(TEST_HOST)";
				CODE_SIGN_STYLE = Automatic;
				CURRENT_PROJECT_VERSION = 1;
				DEVELOPMENT_TEAM = Z4544UL756;
				GENERATE_INFOPLIST_FILE = YES;
				IPHONEOS_DEPLOYMENT_TARGET = 26.0;
				MARKETING_VERSION = 1.0;
				PRODUCT_BUNDLE_IDENTIFIER = "com.talkeys.ios.NavSight-IOSTests";
				PRODUCT_NAME = "$(TARGET_NAME)";
				STRING_CATALOG_GENERATE_SYMBOLS = NO;
				SWIFT_APPROACHABLE_CONCURRENCY = YES;
				SWIFT_EMIT_LOC_STRINGS = NO;
				SWIFT_UPCOMING_FEATURE_MEMBER_IMPORT_VISIBILITY = YES;
				SWIFT_VERSION = 5.0;
				TARGETED_DEVICE_FAMILY = "1,2";
				TEST_HOST = "$(BUILT_PRODUCTS_DIR)/NavSight-IOS.app/$(BUNDLE_EXECUTABLE_FOLDER_PATH)/NavSight-IOS";
			};
			name = Release;
		};
		FE87B69A2EFAC090004EFFDB /* Debug */ = {
			isa = XCBuildConfiguration;
			buildSettings = {
				CODE_SIGN_STYLE = Automatic;
				CURRENT_PROJECT_VERSION = 1;
				DEVELOPMENT_TEAM = Z4544UL756;
				GENERATE_INFOPLIST_FILE = YES;
				MARKETING_VERSION = 1.0;
				PRODUCT_BUNDLE_IDENTIFIER = "com.talkeys.ios.NavSight-IOSUITests";
				PRODUCT_NAME = "$(TARGET_NAME)";
				STRING_CATALOG_GENERATE_SYMBOLS = NO;
				SWIFT_APPROACHABLE_CONCURRENCY = YES;
				SWIFT_EMIT_LOC_STRINGS = NO;
				SWIFT_UPCOMING_FEATURE_MEMBER_IMPORT_VISIBILITY = YES;
				SWIFT_VERSION = 5.0;
				TARGETED_DEVICE_FAMILY = "1,2";
				TEST_TARGET_NAME = "NavSight-IOS";
			};
			name = Debug;
		};
		FE87B69B2EFAC090004EFFDB /* Release */ = {
			isa = XCBuildConfiguration;
			buildSettings = {
				CODE_SIGN_STYLE = Automatic;
				CURRENT_PROJECT_VERSION = 1;
				DEVELOPMENT_TEAM = Z4544UL756;
				GENERATE_INFOPLIST_FILE = YES;
				MARKETING_VERSION = 1.0;
				PRODUCT_BUNDLE_IDENTIFIER = "com.talkeys.ios.NavSight-IOSUITests";
				PRODUCT_NAME = "$(TARGET_NAME)";
				STRING_CATALOG_GENERATE_SYMBOLS = NO;
				SWIFT_APPROACHABLE_CONCURRENCY = YES;
				SWIFT_EMIT_LOC_STRINGS = NO;
				SWIFT_UPCOMING_FEATURE_MEMBER_IMPORT_VISIBILITY = YES;
				SWIFT_VERSION = 5.0;
				TARGETED_DEVICE_FAMILY = "1,2";
				TEST_TARGET_NAME = "NavSight-IOS";
			};
			name = Release;
		};
/* End XCBuildConfiguration section */

/* Begin XCConfigurationList section */
		FE87B66D2EFAC08F004EFFDB /* Build configuration list for PBXProject "NavSight-IOS" */ = {
			isa = XCConfigurationList;
			buildConfigurations = (
				FE87B6912EFAC090004EFFDB /* Debug */,
				FE87B6922EFAC090004EFFDB /* Release */,
			);
			defaultConfigurationIsVisible = 0;
			defaultConfigurationName = Release;
		};
		FE87B6932EFAC090004EFFDB /* Build configuration list for PBXNativeTarget "NavSight-IOS" */ = {
			isa = XCConfigurationList;
			buildConfigurations = (
				FE87B6942EFAC090004EFFDB /* Debug */,
				FE87B6952EFAC090004EFFDB /* Release */,
			);
			defaultConfigurationIsVisible = 0;
			defaultConfigurationName = Release;
		};
		FE87B6962EFAC090004EFFDB /* Build configuration list for PBXNativeTarget "NavSight-IOSTests" */ = {
			isa = XCConfigurationList;
			buildConfigurations = (
				FE87B6972EFAC090004EFFDB /* Debug */,
				FE87B6982EFAC090004EFFDB /* Release */,
			);
			defaultConfigurationIsVisible = 0;
			defaultConfigurationName = Release;
		};
		FE87B6992EFAC090004EFFDB /* Build configuration list for PBXNativeTarget "NavSight-IOSUITests" */ = {
			isa = XCConfigurationList;
			buildConfigurations = (
				FE87B69A2EFAC090004EFFDB /* Debug */,
				FE87B69B2EFAC090004EFFDB /* Release */,
			);
			defaultConfigurationIsVisible = 0;
			defaultConfigurationName = Release;
		};
/* End XCConfigurationList section */
	};
	rootObject = FE87B66A2EFAC08F004EFFDB /* Project object */;
}
